[root]
name = "ssl_demo"
version = "0.1.0"
dependencies = [
 "pipes 0.0.1 (registry+https://github.com/rust-lang/crates.io-index)",
]

[[package]]
name = "free"
version = "0.0.1"
source = "registry+https://github.com/rust-lang/crates.io-index"
dependencies = [
 "free_macros 0.0.1 (registry+https://github.com/rust-lang/crates.io-index)",
]

[[package]]
name = "free_macros"
version = "0.0.1"
source = "registry+https://github.com/rust-lang/crates.io-index"

[[package]]
name = "pipes"
version = "0.0.1"
source = "registry+https://github.com/rust-lang/crates.io-index"
dependencies = [
 "free 0.0.1 (registry+https://github.com/rust-lang/crates.io-index)",
]

